github.com/rifqimuhammadaziz/go-module v1.0.0 h1:iMZ6errRMru8awk9Qph1OaHwoe4hJn4uhTCHB37ittg=
github.com/rifqimuhammadaziz/go-module v1.0.0/go.mod h1:BUpChl8UkP5N/LT3Fn3GH1l1lCp+BmWSa+1uhFnCaTQ=
github.com/rifqimuhammadaziz/go-module v1.5.0 h1:YmZ3Ypboky7BbZx/AXZ66usqYQ/WU9T66IdpvPwyQl8=
github.com/rifqimuhammadaziz/go-module v1.5.0/go.mod h1:BUpChl8UkP5N/LT3Fn3GH1l1lCp+BmWSa+1uhFnCaTQ=
github.com/rifqimuhammadaziz/go-module/v3 v3.0.0 h1:bmRYNaG7pP4LcOum7F6QWLdmKYKM0QrVRS5EHdWvMgg=
github.com/rifqimuhammadaziz/go-module/v3 v3.0.0/go.mod h1:rtwrr7G9JMe+nfz7wIF6XNMKCnRKwvTWGUURjClsxPU=
